{
  "name": "dsh-bill",
  "version": "0.5.0",
  "lockfileVersion": 3,
  "requires": true,
  "packages": {
    "": {
      "name": "dsh-bill",
      "version": "0.5.0",
      "license": "MIT",
      "dependencies": {
        "llm-pricing": "^0.6.0"
      },
      "engines": {
        "node": ">=20"
      }
    },
    "node_modules/llm-pricing": {
      "version": "0.6.0",
      "resolved": "https://registry.npmjs.org/llm-pricing/-/llm-pricing-0.6.0.tgz",
      "integrity": "sha512-z83PMN1QJQN7uKYoYHfWL1+dxMQevX01Pdm/lE3hVf+HobBKwmJbASPmk5hpZXVMzJAYlnlHqeSoHkP4kmOlcA==",
      "license": "MIT",
      "engines": {
        "node": ">=20"
      }
    }
  }
}
